{
  "originHash" : "20d75d37c528a17b105489aa256d6a512238fcc29495a9387b37fea7470dbcd0",
  "pins" : [
    {
      "identity" : "apphudsdk",
      "kind" : "remoteSourceControl",
      "location" : "https://github.com/apphud/ApphudSDK",
      "state" : {
        "revision" : "23c0de964ed7d2f6f9cda83efaa1a40acfb84359",
        "version" : "4.2.3"
      }
    },
    {
      "identity" : "atlantis",
      "kind" : "remoteSourceControl",
      "location" : "https://github.com/ProxymanApp/atlantis",
      "state" : {
        "revision" : "6427600ec87d516a43754e4eaa7762f3271ac77f",
        "version" : "1.36.0"
      }
    },
    {
      "identity" : "gsplayer",
      "kind" : "remoteSourceControl",
      "location" : "https://github.com/wxxsw/GSPlayer.git",
      "state" : {
        "revision" : "7a384dee1fbeca02e176de8b4112bfded36f42e0",
        "version" : "0.2.30"
      }
    },
    {
      "identity" : "videoplayer",
      "kind" : "remoteSourceControl",
      "location" : "https://github.com/wxxsw/VideoPlayer",
      "state" : {
        "revision" : "7a388d3e16ba7a9c347ef2c41079d517eecc9c5a",
        "version" : "1.2.5"
      }
    }
  ],
  "version" : 3
}
